// !$*UTF8*$!
{
	archiveVersion = 1;
	classes = {
	};
	objectVersion = 46;
	objects = {

/* Begin PBXBuildFile section */
		DAA5C3A31DD2A36F0083726E /* utils.c in Sources */ = {isa = PBXBuildFile; fileRef = DAA5C3A11DD2A36F0083726E /* utils.c */; };
		DAA5C3A71DD2A4570083726E /* main_test.c in Sources */ = {isa = PBXBuildFile; fileRef = DAA5C3A51DD2A4570083726E /* main_test.c */; };
		DADA1AD61DC97567002E4FE6 /* matrix_sort.c in Sources */ = {isa = PBXBuildFile; fileRef = DADA1AD51DC97567002E4FE6 /* matrix_sort.c */; };
		DADA1ADE1DC982F7002E4FE6 /* eros.c in Sources */ = {isa = PBXBuildFile; fileRef = DADA1ADC1DC982F7002E4FE6 /* eros.c */; };
/* End PBXBuildFile section */

/* Begin PBXCopyFilesBuildPhase section */
		DADA1AD01DC97567002E4FE6 /* CopyFiles */ = {
			isa = PBXCopyFilesBuildPhase;
			buildActionMask = 2147483647;
			dstPath = /usr/share/man/man1/;
			dstSubfolderSpec = 0;
			files = (
			);
			runOnlyForDeploymentPostprocessing = 1;
		};
/* End PBXCopyFilesBuildPhase section */

/* Begin PBXFileReference section */
		DAA5C3A11DD2A36F0083726E /* utils.c */ = {isa = PBXFileReference; fileEncoding = 4; lastKnownFileType = sourcecode.c.c; path = utils.c; sourceTree = "<group>"; };
		DAA5C3A21DD2A36F0083726E /* utils.h */ = {isa = PBXFileReference; fileEncoding = 4; lastKnownFileType = sourcecode.c.h; path = utils.h; sourceTree = "<group>"; };
		DAA5C3A41DD2A4110083726E /* matrix_sort.h */ = {isa = PBXFileReference; lastKnownFileType = sourcecode.c.h; path = matrix_sort.h; sourceTree = "<group>"; };
		DAA5C3A51DD2A4570083726E /* main_test.c */ = {isa = PBXFileReference; fileEncoding = 4; lastKnownFileType = sourcecode.c.c; path = main_test.c; sourceTree = "<group>"; };
		DADA1AD21DC97567002E4FE6 /* matrix_sort */ = {isa = PBXFileReference; explicitFileType = "compiled.mach-o.executable"; includeInIndex = 0; path = matrix_sort; sourceTree = BUILT_PRODUCTS_DIR; };
		DADA1AD51DC97567002E4FE6 /* matrix_sort.c */ = {isa = PBXFileReference; lastKnownFileType = sourcecode.c.c; path = matrix_sort.c; sourceTree = "<group>"; };
		DADA1ADC1DC982F7002E4FE6 /* eros.c */ = {isa = PBXFileReference; fileEncoding = 4; lastKnownFileType = sourcecode.c.c; path = eros.c; sourceTree = "<group>"; };
		DADA1ADD1DC982F7002E4FE6 /* eros.h */ = {isa = PBXFileReference; fileEncoding = 4; lastKnownFileType = sourcecode.c.h; path = eros.h; sourceTree = "<group>"; };
/* End PBXFileReference section */

/* Begin PBXFrameworksBuildPhase section */
		DADA1ACF1DC97567002E4FE6 /* Frameworks */ = {
			isa = PBXFrameworksBuildPhase;
			buildActionMask = 2147483647;
			files = (
			);
			runOnlyForDeploymentPostprocessing = 0;
		};
/* End PBXFrameworksBuildPhase section */

/* Begin PBXGroup section */
		DADA1AC91DC97567002E4FE6 = {
			isa = PBXGroup;
			children = (
				DADA1AD41DC97567002E4FE6 /* matrix_sort */,
				DADA1AD31DC97567002E4FE6 /* Products */,
			);
			sourceTree = "<group>";
		};
		DADA1AD31DC97567002E4FE6 /* Products */ = {
			isa = PBXGroup;
			children = (
				DADA1AD21DC97567002E4FE6 /* matrix_sort */,
			);
			name = Products;
			sourceTree = "<group>";
		};
		DADA1AD41DC97567002E4FE6 /* matrix_sort */ = {
			isa = PBXGroup;
			children = (
				DAA5C3A51DD2A4570083726E /* main_test.c */,
				DADA1AD51DC97567002E4FE6 /* matrix_sort.c */,
				DAA5C3A41DD2A4110083726E /* matrix_sort.h */,
				DAA5C3A11DD2A36F0083726E /* utils.c */,
				DAA5C3A21DD2A36F0083726E /* utils.h */,
				DADA1ADC1DC982F7002E4FE6 /* eros.c */,
				DADA1ADD1DC982F7002E4FE6 /* eros.h */,
			);
			path = matrix_sort;
			sourceTree = "<group>";
		};
/* End PBXGroup section */

/* Begin PBXNativeTarget section */
		DADA1AD11DC97567002E4FE6 /* matrix_sort */ = {
			isa = PBXNativeTarget;
			buildConfigurationList = DADA1AD91DC97567002E4FE6 /* Build configuration list for PBXNativeTarget "matrix_sort" */;
			buildPhases = (
				DADA1ACE1DC97567002E4FE6 /* Sources */,
				DADA1ACF1DC97567002E4FE6 /* Frameworks */,
				DADA1AD01DC97567002E4FE6 /* CopyFiles */,
			);
			buildRules = (
			);
			dependencies = (
			);
			name = matrix_sort;
			productName = matrix_sort;
			productReference = DADA1AD21DC97567002E4FE6 /* matrix_sort */;
			productType = "com.apple.product-type.tool";
		};
/* End PBXNativeTarget section */

/* Begin PBXProject section */
		DADA1ACA1DC97567002E4FE6 /* Project object */ = {
			isa = PBXProject;
			attributes = {
				LastUpgradeCheck = 0730;
				ORGANIZATIONNAME = "Dylan Tinianov";
				TargetAttributes = {
					DADA1AD11DC97567002E4FE6 = {
						CreatedOnToolsVersion = 7.3.1;
					};
				};
			};
			buildConfigurationList = DADA1ACD1DC97567002E4FE6 /* Build configuration list for PBXProject "matrix_sort" */;
			compatibilityVersion = "Xcode 3.2";
			developmentRegion = English;
			hasScannedForEncodings = 0;
			knownRegions = (
				en,
			);
			mainGroup = DADA1AC91DC97567002E4FE6;
			productRefGroup = DADA1AD31DC97567002E4FE6 /* Products */;
			projectDirPath = "";
			projectRoot = "";
			targets = (
				DADA1AD11DC97567002E4FE6 /* matrix_sort */,
			);
		};
/* End PBXProject section */

/* Begin PBXSourcesBuildPhase section */
		DADA1ACE1DC97567002E4FE6 /* Sources */ = {
			isa = PBXSourcesBuildPhase;
			buildActionMask = 2147483647;
			files = (
				DAA5C3A71DD2A4570083726E /* main_test.c in Sources */,
				DAA5C3A31DD2A36F0083726E /* utils.c in Sources */,
				DADA1ADE1DC982F7002E4FE6 /* eros.c in Sources */,
				DADA1AD61DC97567002E4FE6 /* matrix_sort.c in Sources */,
			);
			runOnlyForDeploymentPostprocessing = 0;
		};
/* End PBXSourcesBuildPhase section */

/* Begin XCBuildConfiguration section */
		DADA1AD71DC97567002E4FE6 /* Debug */ = {
			isa = XCBuildConfiguration;
			buildSettings = {
				ALWAYS_SEARCH_USER_PATHS = NO;
				CLANG_ANALYZER_NONNULL = YES;
				CLANG_CXX_LANGUAGE_STANDARD = "gnu++0x";
				CLANG_CXX_LIBRARY = "libc++";
				CLANG_ENABLE_MODULES = YES;
				CLANG_ENABLE_OBJC_ARC = YES;
				CLANG_WARN_BOOL_CONVERSION = YES;
				CLANG_WARN_CONSTANT_CONVERSION = YES;
				CLANG_WARN_DIRECT_OBJC_ISA_USAGE = YES_ERROR;
				CLANG_WARN_EMPTY_BODY = YES;
				CLANG_WARN_ENUM_CONVERSION = YES;
				CLANG_WARN_INT_CONVERSION = YES;
				CLANG_WARN_OBJC_ROOT_CLASS = YES_ERROR;
				CLANG_WARN_UNREACHABLE_CODE = YES;
				CLANG_WARN__DUPLICATE_METHOD_MATCH = YES;
				CODE_SIGN_IDENTITY = "-";
				COPY_PHASE_STRIP = NO;
				DEBUG_INFORMATION_FORMAT = dwarf;
				ENABLE_STRICT_OBJC_MSGSEND = YES;
				ENABLE_TESTABILITY = YES;
				GCC_C_LANGUAGE_STANDARD = gnu99;
				GCC_DYNAMIC_NO_PIC = NO;
				GCC_NO_COMMON_BLOCKS = YES;
				GCC_OPTIMIZATION_LEVEL = 0;
				GCC_PREPROCESSOR_DEFINITIONS = (
					"DEBUG=1",
					"$(inherited)",
				);
				GCC_WARN_64_TO_32_BIT_CONVERSION = YES;
				GCC_WARN_ABOUT_RETURN_TYPE = YES_ERROR;
				GCC_WARN_UNDECLARED_SELECTOR = YES;
				GCC_WARN_UNINITIALIZED_AUTOS = YES_AGGRESSIVE;
				GCC_WARN_UNUSED_FUNCTION = YES;
				GCC_WARN_UNUSED_VARIABLE = YES;
				MACOSX_DEPLOYMENT_TARGET = 10.11;
				MTL_ENABLE_DEBUG_INFO = YES;
				ONLY_ACTIVE_ARCH = YES;
				SDKROOT = macosx;
			};
			name = Debug;
		};
		DADA1AD81DC97567002E4FE6 /* Release */ = {
			isa = XCBuildConfiguration;
			buildSettings = {
				ALWAYS_SEARCH_USER_PATHS = NO;
				CLANG_ANALYZER_NONNULL = YES;
				CLANG_CXX_LANGUAGE_STANDARD = "gnu++0x";
				CLANG_CXX_LIBRARY = "libc++";
				CLANG_ENABLE_MODULES = YES;
				CLANG_ENABLE_OBJC_ARC = YES;
				CLANG_WARN_BOOL_CONVERSION = YES;
				CLANG_WARN_CONSTANT_CONVERSION = YES;
				CLANG_WARN_DIRECT_OBJC_ISA_USAGE = YES_ERROR;
				CLANG_WARN_EMPTY_BODY = YES;
				CLANG_WARN_ENUM_CONVERSION = YES;
				CLANG_WARN_INT_CONVERSION = YES;
				CLANG_WARN_OBJC_ROOT_CLASS = YES_ERROR;
				CLANG_WARN_UNREACHABLE_CODE = YES;
				CLANG_WARN__DUPLICATE_METHOD_MATCH = YES;
				CODE_SIGN_IDENTITY = "-";
				COPY_PHASE_STRIP = NO;
				DEBUG_INFORMATION_FORMAT = "dwarf-with-dsym";
				ENABLE_NS_ASSERTIONS = NO;
				ENABLE_STRICT_OBJC_MSGSEND = YES;
				GCC_C_LANGUAGE_STANDARD = gnu99;
				GCC_NO_COMMON_BLOCKS = YES;
				GCC_WARN_64_TO_32_BIT_CONVERSION = YES;
				GCC_WARN_ABOUT_RETURN_TYPE = YES_ERROR;
				GCC_WARN_UNDECLARED_SELECTOR = YES;
				GCC_WARN_UNINITIALIZED_AUTOS = YES_AGGRESSIVE;
				GCC_WARN_UNUSED_FUNCTION = YES;
				GCC_WARN_UNUSED_VARIABLE = YES;
				MACOSX_DEPLOYMENT_TARGET = 10.11;
				MTL_ENABLE_DEBUG_INFO = NO;
				SDKROOT = macosx;
			};
			name = Release;
		};
		DADA1ADA1DC97567002E4FE6 /* Debug */ = {
			isa = XCBuildConfiguration;
			buildSettings = {
				PRODUCT_NAME = "$(TARGET_NAME)";
			};
			name = Debug;
		};
		DADA1ADB1DC97567002E4FE6 /* Release */ = {
			isa = XCBuildConfiguration;
			buildSettings = {
				PRODUCT_NAME = "$(TARGET_NAME)";
			};
			name = Release;
		};
/* End XCBuildConfiguration section */

/* Begin XCConfigurationList section */
		DADA1ACD1DC97567002E4FE6 /* Build configuration list for PBXProject "matrix_sort" */ = {
			isa = XCConfigurationList;
			buildConfigurations = (
				DADA1AD71DC97567002E4FE6 /* Debug */,
				DADA1AD81DC97567002E4FE6 /* Release */,
			);
			defaultConfigurationIsVisible = 0;
			defaultConfigurationName = Release;
		};
		DADA1AD91DC97567002E4FE6 /* Build configuration list for PBXNativeTarget "matrix_sort" */ = {
			isa = XCConfigurationList;
			buildConfigurations = (
				DADA1ADA1DC97567002E4FE6 /* Debug */,
				DADA1ADB1DC97567002E4FE6 /* Release */,
			);
			defaultConfigurationIsVisible = 0;
			defaultConfigurationName = Release;
		};
/* End XCConfigurationList section */
	};
	rootObject = DADA1ACA1DC97567002E4FE6 /* Project object */;
}
